{
    "_meta": {
        "hash": {
            "sha256": "35f3a6b72eed33535f4c1c5c7a8938b946e4910f060b4feb8a98014c325cd7f9"
        },
        "pipfile-spec": 6,
        "requires": {
            "python_version": "3.6"
        },
        "sources": [
            {
                "name": "pypi",
                "url": "https://pypi.python.org/simple",
                "verify_ssl": true
            }
        ]
    },
    "default": {
        "shellvars-py": {
            "editable": true,
            "git": "https://github.com/birkin/shellvars-py.git",
            "ref": "a9208f837c819fec6291b6e2b36aae6d6fb2c59d"
        }
    },
    "develop": {}
}
