{
    "_meta": {
        "hash": {
            "sha256": "efb69904313e732c735e551b84d001d7de7d1b2e8ada2cf7f556239738b17bb1"
        },
        "pipfile-spec": 6,
        "requires": {
            "python_version": "3.6"
        },
        "sources": [
            {
                "name": "pypi",
                "url": "https://pypi.python.org/simple",
                "verify_ssl": true
            }
        ]
    },
    "default": {
        "rfc822py3": {
            "editable": true,
            "git": "https://github.com/birkin/rfc822py3.git",
            "ref": "633cceba077075afa4d36b939fff547888a6b11e"
        },
        "shellvars-py": {
            "editable": true,
            "git": "https://github.com/birkin/shellvars-py.git",
            "ref": "a9208f837c819fec6291b6e2b36aae6d6fb2c59d"
        }
    },
    "develop": {}
}
